
Microsoft Visual Studio Solution File, Format Version 12.00
# Visual Studio 15
VisualStudioVersion = 15.0.27703.2035
MinimumVisualStudioVersion = 10.0.40219.1
Project("{FAE04EC0-301F-11D3-BF4B-00C04F79EFBC}") = "UWPDisplayActionSheet.Android", "UWPDisplayActionSheet\UWPDisplayActionSheet.Android\UWPDisplayActionSheet.Android.csproj", "{8519D0D2-8172-4437-AEB0-432B7B898EA0}"
EndProject
Project("{FAE04EC0-301F-11D3-BF4B-00C04F79EFBC}") = "UWPDisplayActionSheet.iOS", "UWPDisplayActionSheet\UWPDisplayActionSheet.iOS\UWPDisplayActionSheet.iOS.csproj", "{62E36AB5-DBE4-4F05-B953-645CDFD74A73}"
EndProject
Project("{FAE04EC0-301F-11D3-BF4B-00C04F79EFBC}") = "UWPDisplayActionSheet.UWP", "UWPDisplayActionSheet\UWPDisplayActionSheet.UWP\UWPDisplayActionSheet.UWP.csproj", "{1639A47F-5F56-4917-979C-07457027330E}"
EndProject
Project("{FAE04EC0-301F-11D3-BF4B-00C04F79EFBC}") = "UWPDisplayActionSheet", "UWPDisplayActionSheet\UWPDisplayActionSheet\UWPDisplayActionSheet.csproj", "{AD5744B7-FE8C-40F1-8984-1D284638BBB0}"
EndProject
Global
	GlobalSection(SolutionConfigurationPlatforms) = preSolution
		Ad-Hoc|Any CPU = Ad-Hoc|Any CPU
		Ad-Hoc|ARM = Ad-Hoc|ARM
		Ad-Hoc|iPhone = Ad-Hoc|iPhone
		Ad-Hoc|iPhoneSimulator = Ad-Hoc|iPhoneSimulator
		Ad-Hoc|x64 = Ad-Hoc|x64
		Ad-Hoc|x86 = Ad-Hoc|x86
		AppStore|Any CPU = AppStore|Any CPU
		AppStore|ARM = AppStore|ARM
		AppStore|iPhone = AppStore|iPhone
		AppStore|iPhoneSimulator = AppStore|iPhoneSimulator
		AppStore|x64 = AppStore|x64
		AppStore|x86 = AppStore|x86
		Debug|Any CPU = Debug|Any CPU
		Debug|ARM = Debug|ARM
		Debug|iPhone = Debug|iPhone
		Debug|iPhoneSimulator = Debug|iPhoneSimulator
		Debug|x64 = Debug|x64
		Debug|x86 = Debug|x86
		Release|Any CPU = Release|Any CPU
		Release|ARM = Release|ARM
		Release|iPhone = Release|iPhone
		Release|iPhoneSimulator = Release|iPhoneSimulator
		Release|x64 = Release|x64
		Release|x86 = Release|x86
	EndGlobalSection
	GlobalSection(ProjectConfigurationPlatforms) = postSolution
		{8519D0D2-8172-4437-AEB0-432B7B898EA0}.Ad-Hoc|Any CPU.ActiveCfg = Release|Any CPU
		{8519D0D2-8172-4437-AEB0-432B7B898EA0}.Ad-Hoc|Any CPU.Build.0 = Release|Any CPU
		{8519D0D2-8172-4437-AEB0-432B7B898EA0}.Ad-Hoc|Any CPU.Deploy.0 = Release|Any CPU
		{8519D0D2-8172-4437-AEB0-432B7B898EA0}.Ad-Hoc|ARM.ActiveCfg = Release|Any CPU
		{8519D0D2-8172-4437-AEB0-432B7B898EA0}.Ad-Hoc|ARM.Build.0 = Release|Any CPU
		{8519D0D2-8172-4437-AEB0-432B7B898EA0}.Ad-Hoc|ARM.Deploy.0 = Release|Any CPU
		{8519D0D2-8172-4437-AEB0-432B7B898EA0}.Ad-Hoc|iPhone.ActiveCfg = Release|Any CPU
		{8519D0D2-8172-4437-AEB0-432B7B898EA0}.Ad-Hoc|iPhone.Build.0 = Release|Any CPU
		{8519D0D2-8172-4437-AEB0-432B7B898EA0}.Ad-Hoc|iPhone.Deploy.0 = Release|Any CPU
		{8519D0D2-8172-4437-AEB0-432B7B898EA0}.Ad-Hoc|iPhoneSimulator.ActiveCfg = Release|Any CPU
		{8519D0D2-8172-4437-AEB0-432B7B898EA0}.Ad-Hoc|iPhoneSimulator.Build.0 = Release|Any CPU
		{8519D0D2-8172-4437-AEB0-432B7B898EA0}.Ad-Hoc|iPhoneSimulator.Deploy.0 = Release|Any CPU
		{8519D0D2-8172-4437-AEB0-432B7B898EA0}.Ad-Hoc|x64.ActiveCfg = Release|Any CPU
		{8519D0D2-8172-4437-AEB0-432B7B898EA0}.Ad-Hoc|x64.Build.0 = Release|Any CPU
		{8519D0D2-8172-4437-AEB0-432B7B898EA0}.Ad-Hoc|x64.Deploy.0 = Release|Any CPU
		{8519D0D2-8172-4437-AEB0-432B7B898EA0}.Ad-Hoc|x86.ActiveCfg = Release|Any CPU
		{8519D0D2-8172-4437-AEB0-432B7B898EA0}.Ad-Hoc|x86.Build.0 = Release|Any CPU
		{8519D0D2-8172-4437-AEB0-432B7B898EA0}.Ad-Hoc|x86.Deploy.0 = Release|Any CPU
		{8519D0D2-8172-4437-AEB0-432B7B898EA0}.AppStore|Any CPU.ActiveCfg = Release|Any CPU
		{8519D0D2-8172-4437-AEB0-432B7B898EA0}.AppStore|Any CPU.Build.0 = Release|Any CPU
		{8519D0D2-8172-4437-AEB0-432B7B898EA0}.AppStore|Any CPU.Deploy.0 = Release|Any CPU
		{8519D0D2-8172-4437-AEB0-432B7B898EA0}.AppStore|ARM.ActiveCfg = Release|Any CPU
		{8519D0D2-8172-4437-AEB0-432B7B898EA0}.AppStore|ARM.Build.0 = Release|Any CPU
		{8519D0D2-8172-4437-AEB0-432B7B898EA0}.AppStore|ARM.Deploy.0 = Release|Any CPU
		{8519D0D2-8172-4437-AEB0-432B7B898EA0}.AppStore|iPhone.ActiveCfg = Release|Any CPU
		{8519D0D2-8172-4437-AEB0-432B7B898EA0}.AppStore|iPhone.Build.0 = Release|Any CPU
		{8519D0D2-8172-4437-AEB0-432B7B898EA0}.AppStore|iPhone.Deploy.0 = Release|Any CPU
		{8519D0D2-8172-4437-AEB0-432B7B898EA0}.AppStore|iPhoneSimulator.ActiveCfg = Release|Any CPU
		{8519D0D2-8172-4437-AEB0-432B7B898EA0}.AppStore|iPhoneSimulator.Build.0 = Release|Any CPU
		{8519D0D2-8172-4437-AEB0-432B7B898EA0}.AppStore|iPhoneSimulator.Deploy.0 = Release|Any CPU
		{8519D0D2-8172-4437-AEB0-432B7B898EA0}.AppStore|x64.ActiveCfg = Release|Any CPU
		{8519D0D2-8172-4437-AEB0-432B7B898EA0}.AppStore|x64.Build.0 = Release|Any CPU
		{8519D0D2-8172-4437-AEB0-432B7B898EA0}.AppStore|x64.Deploy.0 = Release|Any CPU
		{8519D0D2-8172-4437-AEB0-432B7B898EA0}.AppStore|x86.ActiveCfg = Release|Any CPU
		{8519D0D2-8172-4437-AEB0-432B7B898EA0}.AppStore|x86.Build.0 = Release|Any CPU
		{8519D0D2-8172-4437-AEB0-432B7B898EA0}.AppStore|x86.Deploy.0 = Release|Any CPU
		{8519D0D2-8172-4437-AEB0-432B7B898EA0}.Debug|Any CPU.ActiveCfg = Debug|Any CPU
		{8519D0D2-8172-4437-AEB0-432B7B898EA0}.Debug|Any CPU.Build.0 = Debug|Any CPU
		{8519D0D2-8172-4437-AEB0-432B7B898EA0}.Debug|Any CPU.Deploy.0 = Debug|Any CPU
		{8519D0D2-8172-4437-AEB0-432B7B898EA0}.Debug|ARM.ActiveCfg = Debug|Any CPU
		{8519D0D2-8172-4437-AEB0-432B7B898EA0}.Debug|ARM.Build.0 = Debug|Any CPU
		{8519D0D2-8172-4437-AEB0-432B7B898EA0}.Debug|ARM.Deploy.0 = Debug|Any CPU
		{8519D0D2-8172-4437-AEB0-432B7B898EA0}.Debug|iPhone.ActiveCfg = Debug|Any CPU
		{8519D0D2-8172-4437-AEB0-432B7B898EA0}.Debug|iPhone.Build.0 = Debug|Any CPU
		{8519D0D2-8172-4437-AEB0-432B7B898EA0}.Debug|iPhone.Deploy.0 = Debug|Any CPU
		{8519D0D2-8172-4437-AEB0-432B7B898EA0}.Debug|iPhoneSimulator.ActiveCfg = Debug|Any CPU
		{8519D0D2-8172-4437-AEB0-432B7B898EA0}.Debug|iPhoneSimulator.Build.0 = Debug|Any CPU
		{8519D0D2-8172-4437-AEB0-432B7B898EA0}.Debug|iPhoneSimulator.Deploy.0 = Debug|Any CPU
		{8519D0D2-8172-4437-AEB0-432B7B898EA0}.Debug|x64.ActiveCfg = Debug|Any CPU
		{8519D0D2-8172-4437-AEB0-432B7B898EA0}.Debug|x64.Build.0 = Debug|Any CPU
		{8519D0D2-8172-4437-AEB0-432B7B898EA0}.Debug|x64.Deploy.0 = Debug|Any CPU
		{8519D0D2-8172-4437-AEB0-432B7B898EA0}.Debug|x86.ActiveCfg = Debug|Any CPU
		{8519D0D2-8172-4437-AEB0-432B7B898EA0}.Release|Any CPU.ActiveCfg = Release|Any CPU
		{8519D0D2-8172-4437-AEB0-432B7B898EA0}.Release|Any CPU.Build.0 = Release|Any CPU
		{8519D0D2-8172-4437-AEB0-432B7B898EA0}.Release|Any CPU.Deploy.0 = Release|Any CPU
		{8519D0D2-8172-4437-AEB0-432B7B898EA0}.Release|ARM.ActiveCfg = Release|Any CPU
		{8519D0D2-8172-4437-AEB0-432B7B898EA0}.Release|ARM.Build.0 = Release|Any CPU
		{8519D0D2-8172-4437-AEB0-432B7B898EA0}.Release|ARM.Deploy.0 = Release|Any CPU
		{8519D0D2-8172-4437-AEB0-432B7B898EA0}.Release|iPhone.ActiveCfg = Release|Any CPU
		{8519D0D2-8172-4437-AEB0-432B7B898EA0}.Release|iPhone.Build.0 = Release|Any CPU
		{8519D0D2-8172-4437-AEB0-432B7B898EA0}.Release|iPhone.Deploy.0 = Release|Any CPU
		{8519D0D2-8172-4437-AEB0-432B7B898EA0}.Release|iPhoneSimulator.ActiveCfg = Release|Any CPU
		{8519D0D2-8172-4437-AEB0-432B7B898EA0}.Release|iPhoneSimulator.Build.0 = Release|Any CPU
		{8519D0D2-8172-4437-AEB0-432B7B898EA0}.Release|iPhoneSimulator.Deploy.0 = Release|Any CPU
		{8519D0D2-8172-4437-AEB0-432B7B898EA0}.Release|x64.ActiveCfg = Release|Any CPU
		{8519D0D2-8172-4437-AEB0-432B7B898EA0}.Release|x64.Build.0 = Release|Any CPU
		{8519D0D2-8172-4437-AEB0-432B7B898EA0}.Release|x64.Deploy.0 = Release|Any CPU
		{8519D0D2-8172-4437-AEB0-432B7B898EA0}.Release|x86.ActiveCfg = Release|Any CPU
		{8519D0D2-8172-4437-AEB0-432B7B898EA0}.Release|x86.Build.0 = Release|Any CPU
		{8519D0D2-8172-4437-AEB0-432B7B898EA0}.Release|x86.Deploy.0 = Release|Any CPU
		{62E36AB5-DBE4-4F05-B953-645CDFD74A73}.Ad-Hoc|Any CPU.ActiveCfg = Ad-Hoc|iPhone
		{62E36AB5-DBE4-4F05-B953-645CDFD74A73}.Ad-Hoc|Any CPU.Build.0 = Ad-Hoc|iPhone
		{62E36AB5-DBE4-4F05-B953-645CDFD74A73}.Ad-Hoc|Any CPU.Deploy.0 = Ad-Hoc|iPhone
		{62E36AB5-DBE4-4F05-B953-645CDFD74A73}.Ad-Hoc|ARM.ActiveCfg = Ad-Hoc|iPhone
		{62E36AB5-DBE4-4F05-B953-645CDFD74A73}.Ad-Hoc|ARM.Build.0 = Ad-Hoc|iPhone
		{62E36AB5-DBE4-4F05-B953-645CDFD74A73}.Ad-Hoc|ARM.Deploy.0 = Ad-Hoc|iPhone
		{62E36AB5-DBE4-4F05-B953-645CDFD74A73}.Ad-Hoc|iPhone.ActiveCfg = Ad-Hoc|iPhone
		{62E36AB5-DBE4-4F05-B953-645CDFD74A73}.Ad-Hoc|iPhone.Build.0 = Ad-Hoc|iPhone
		{62E36AB5-DBE4-4F05-B953-645CDFD74A73}.Ad-Hoc|iPhone.Deploy.0 = Ad-Hoc|iPhone
		{62E36AB5-DBE4-4F05-B953-645CDFD74A73}.Ad-Hoc|iPhoneSimulator.ActiveCfg = Ad-Hoc|iPhoneSimulator
		{62E36AB5-DBE4-4F05-B953-645CDFD74A73}.Ad-Hoc|iPhoneSimulator.Build.0 = Ad-Hoc|iPhoneSimulator
		{62E36AB5-DBE4-4F05-B953-645CDFD74A73}.Ad-Hoc|iPhoneSimulator.Deploy.0 = Ad-Hoc|iPhoneSimulator
		{62E36AB5-DBE4-4F05-B953-645CDFD74A73}.Ad-Hoc|x64.ActiveCfg = Ad-Hoc|iPhone
		{62E36AB5-DBE4-4F05-B953-645CDFD74A73}.Ad-Hoc|x64.Build.0 = Ad-Hoc|iPhone
		{62E36AB5-DBE4-4F05-B953-645CDFD74A73}.Ad-Hoc|x64.Deploy.0 = Ad-Hoc|iPhone
		{62E36AB5-DBE4-4F05-B953-645CDFD74A73}.Ad-Hoc|x86.ActiveCfg = Ad-Hoc|iPhone
		{62E36AB5-DBE4-4F05-B953-645CDFD74A73}.Ad-Hoc|x86.Build.0 = Ad-Hoc|iPhone
		{62E36AB5-DBE4-4F05-B953-645CDFD74A73}.Ad-Hoc|x86.Deploy.0 = Ad-Hoc|iPhone
		{62E36AB5-DBE4-4F05-B953-645CDFD74A73}.AppStore|Any CPU.ActiveCfg = AppStore|iPhone
		{62E36AB5-DBE4-4F05-B953-645CDFD74A73}.AppStore|Any CPU.Build.0 = AppStore|iPhone
		{62E36AB5-DBE4-4F05-B953-645CDFD74A73}.AppStore|Any CPU.Deploy.0 = AppStore|iPhone
		{62E36AB5-DBE4-4F05-B953-645CDFD74A73}.AppStore|ARM.ActiveCfg = AppStore|iPhone
		{62E36AB5-DBE4-4F05-B953-645CDFD74A73}.AppStore|ARM.Build.0 = AppStore|iPhone
		{62E36AB5-DBE4-4F05-B953-645CDFD74A73}.AppStore|ARM.Deploy.0 = AppStore|iPhone
		{62E36AB5-DBE4-4F05-B953-645CDFD74A73}.AppStore|iPhone.ActiveCfg = AppStore|iPhone
		{62E36AB5-DBE4-4F05-B953-645CDFD74A73}.AppStore|iPhone.Build.0 = AppStore|iPhone
		{62E36AB5-DBE4-4F05-B953-645CDFD74A73}.AppStore|iPhone.Deploy.0 = AppStore|iPhone
		{62E36AB5-DBE4-4F05-B953-645CDFD74A73}.AppStore|iPhoneSimulator.ActiveCfg = AppStore|iPhoneSimulator
		{62E36AB5-DBE4-4F05-B953-645CDFD74A73}.AppStore|iPhoneSimulator.Build.0 = AppStore|iPhoneSimulator
		{62E36AB5-DBE4-4F05-B953-645CDFD74A73}.AppStore|iPhoneSimulator.Deploy.0 = AppStore|iPhoneSimulator
		{62E36AB5-DBE4-4F05-B953-645CDFD74A73}.AppStore|x64.ActiveCfg = AppStore|iPhone
		{62E36AB5-DBE4-4F05-B953-645CDFD74A73}.AppStore|x64.Build.0 = AppStore|iPhone
		{62E36AB5-DBE4-4F05-B953-645CDFD74A73}.AppStore|x64.Deploy.0 = AppStore|iPhone
		{62E36AB5-DBE4-4F05-B953-645CDFD74A73}.AppStore|x86.ActiveCfg = AppStore|iPhone
		{62E36AB5-DBE4-4F05-B953-645CDFD74A73}.AppStore|x86.Build.0 = AppStore|iPhone
		{62E36AB5-DBE4-4F05-B953-645CDFD74A73}.AppStore|x86.Deploy.0 = AppStore|iPhone
		{62E36AB5-DBE4-4F05-B953-645CDFD74A73}.Debug|Any CPU.ActiveCfg = Debug|iPhoneSimulator
		{62E36AB5-DBE4-4F05-B953-645CDFD74A73}.Debug|Any CPU.Build.0 = Debug|iPhoneSimulator
		{62E36AB5-DBE4-4F05-B953-645CDFD74A73}.Debug|Any CPU.Deploy.0 = Debug|iPhoneSimulator
		{62E36AB5-DBE4-4F05-B953-645CDFD74A73}.Debug|ARM.ActiveCfg = Debug|iPhone
		{62E36AB5-DBE4-4F05-B953-645CDFD74A73}.Debug|ARM.Build.0 = Debug|iPhone
		{62E36AB5-DBE4-4F05-B953-645CDFD74A73}.Debug|ARM.Deploy.0 = Debug|iPhone
		{62E36AB5-DBE4-4F05-B953-645CDFD74A73}.Debug|iPhone.ActiveCfg = Debug|iPhone
		{62E36AB5-DBE4-4F05-B953-645CDFD74A73}.Debug|iPhone.Build.0 = Debug|iPhone
		{62E36AB5-DBE4-4F05-B953-645CDFD74A73}.Debug|iPhone.Deploy.0 = Debug|iPhone
		{62E36AB5-DBE4-4F05-B953-645CDFD74A73}.Debug|iPhoneSimulator.ActiveCfg = Debug|iPhoneSimulator
		{62E36AB5-DBE4-4F05-B953-645CDFD74A73}.Debug|iPhoneSimulator.Build.0 = Debug|iPhoneSimulator
		{62E36AB5-DBE4-4F05-B953-645CDFD74A73}.Debug|iPhoneSimulator.Deploy.0 = Debug|iPhoneSimulator
		{62E36AB5-DBE4-4F05-B953-645CDFD74A73}.Debug|x64.ActiveCfg = Debug|iPhone
		{62E36AB5-DBE4-4F05-B953-645CDFD74A73}.Debug|x64.Build.0 = Debug|iPhone
		{62E36AB5-DBE4-4F05-B953-645CDFD74A73}.Debug|x64.Deploy.0 = Debug|iPhone
		{62E36AB5-DBE4-4F05-B953-645CDFD74A73}.Debug|x86.ActiveCfg = Debug|iPhone
		{62E36AB5-DBE4-4F05-B953-645CDFD74A73}.Debug|x86.Deploy.0 = Debug|iPhone
		{62E36AB5-DBE4-4F05-B953-645CDFD74A73}.Release|Any CPU.ActiveCfg = Release|iPhone
		{62E36AB5-DBE4-4F05-B953-645CDFD74A73}.Release|Any CPU.Build.0 = Release|iPhone
		{62E36AB5-DBE4-4F05-B953-645CDFD74A73}.Release|Any CPU.Deploy.0 = Release|iPhone
		{62E36AB5-DBE4-4F05-B953-645CDFD74A73}.Release|ARM.ActiveCfg = Release|iPhone
		{62E36AB5-DBE4-4F05-B953-645CDFD74A73}.Release|ARM.Build.0 = Release|iPhone
		{62E36AB5-DBE4-4F05-B953-645CDFD74A73}.Release|ARM.Deploy.0 = Release|iPhone
		{62E36AB5-DBE4-4F05-B953-645CDFD74A73}.Release|iPhone.ActiveCfg = Release|iPhone
		{62E36AB5-DBE4-4F05-B953-645CDFD74A73}.Release|iPhone.Build.0 = Release|iPhone
		{62E36AB5-DBE4-4F05-B953-645CDFD74A73}.Release|iPhone.Deploy.0 = Release|iPhone
		{62E36AB5-DBE4-4F05-B953-645CDFD74A73}.Release|iPhoneSimulator.ActiveCfg = Release|iPhoneSimulator
		{62E36AB5-DBE4-4F05-B953-645CDFD74A73}.Release|iPhoneSimulator.Build.0 = Release|iPhoneSimulator
		{62E36AB5-DBE4-4F05-B953-645CDFD74A73}.Release|iPhoneSimulator.Deploy.0 = Release|iPhoneSimulator
		{62E36AB5-DBE4-4F05-B953-645CDFD74A73}.Release|x64.ActiveCfg = Release|iPhone
		{62E36AB5-DBE4-4F05-B953-645CDFD74A73}.Release|x64.Build.0 = Release|iPhone
		{62E36AB5-DBE4-4F05-B953-645CDFD74A73}.Release|x64.Deploy.0 = Release|iPhone
		{62E36AB5-DBE4-4F05-B953-645CDFD74A73}.Release|x86.ActiveCfg = Release|iPhone
		{62E36AB5-DBE4-4F05-B953-645CDFD74A73}.Release|x86.Build.0 = Release|iPhone
		{62E36AB5-DBE4-4F05-B953-645CDFD74A73}.Release|x86.Deploy.0 = Release|iPhone
		{1639A47F-5F56-4917-979C-07457027330E}.Ad-Hoc|Any CPU.ActiveCfg = Release|x86
		{1639A47F-5F56-4917-979C-07457027330E}.Ad-Hoc|Any CPU.Build.0 = Release|x86
		{1639A47F-5F56-4917-979C-07457027330E}.Ad-Hoc|Any CPU.Deploy.0 = Release|x86
		{1639A47F-5F56-4917-979C-07457027330E}.Ad-Hoc|ARM.ActiveCfg = Release|ARM
		{1639A47F-5F56-4917-979C-07457027330E}.Ad-Hoc|ARM.Build.0 = Release|ARM
		{1639A47F-5F56-4917-979C-07457027330E}.Ad-Hoc|ARM.Deploy.0 = Release|ARM
		{1639A47F-5F56-4917-979C-07457027330E}.Ad-Hoc|iPhone.ActiveCfg = Release|x86
		{1639A47F-5F56-4917-979C-07457027330E}.Ad-Hoc|iPhone.Build.0 = Release|x86
		{1639A47F-5F56-4917-979C-07457027330E}.Ad-Hoc|iPhone.Deploy.0 = Release|x86
		{1639A47F-5F56-4917-979C-07457027330E}.Ad-Hoc|iPhoneSimulator.ActiveCfg = Release|x86
		{1639A47F-5F56-4917-979C-07457027330E}.Ad-Hoc|iPhoneSimulator.Build.0 = Release|x86
		{1639A47F-5F56-4917-979C-07457027330E}.Ad-Hoc|iPhoneSimulator.Deploy.0 = Release|x86
		{1639A47F-5F56-4917-979C-07457027330E}.Ad-Hoc|x64.ActiveCfg = Release|x64
		{1639A47F-5F56-4917-979C-07457027330E}.Ad-Hoc|x64.Build.0 = Release|x64
		{1639A47F-5F56-4917-979C-07457027330E}.Ad-Hoc|x64.Deploy.0 = Release|x64
		{1639A47F-5F56-4917-979C-07457027330E}.Ad-Hoc|x86.ActiveCfg = Release|x86
		{1639A47F-5F56-4917-979C-07457027330E}.Ad-Hoc|x86.Build.0 = Release|x86
		{1639A47F-5F56-4917-979C-07457027330E}.Ad-Hoc|x86.Deploy.0 = Release|x86
		{1639A47F-5F56-4917-979C-07457027330E}.AppStore|Any CPU.ActiveCfg = Release|x86
		{1639A47F-5F56-4917-979C-07457027330E}.AppStore|Any CPU.Build.0 = Release|x86
		{1639A47F-5F56-4917-979C-07457027330E}.AppStore|Any CPU.Deploy.0 = Release|x86
		{1639A47F-5F56-4917-979C-07457027330E}.AppStore|ARM.ActiveCfg = Release|ARM
		{1639A47F-5F56-4917-979C-07457027330E}.AppStore|ARM.Build.0 = Release|ARM
		{1639A47F-5F56-4917-979C-07457027330E}.AppStore|ARM.Deploy.0 = Release|ARM
		{1639A47F-5F56-4917-979C-07457027330E}.AppStore|iPhone.ActiveCfg = Release|x86
		{1639A47F-5F56-4917-979C-07457027330E}.AppStore|iPhone.Build.0 = Release|x86
		{1639A47F-5F56-4917-979C-07457027330E}.AppStore|iPhone.Deploy.0 = Release|x86
		{1639A47F-5F56-4917-979C-07457027330E}.AppStore|iPhoneSimulator.ActiveCfg = Release|x86
		{1639A47F-5F56-4917-979C-07457027330E}.AppStore|iPhoneSimulator.Build.0 = Release|x86
		{1639A47F-5F56-4917-979C-07457027330E}.AppStore|iPhoneSimulator.Deploy.0 = Release|x86
		{1639A47F-5F56-4917-979C-07457027330E}.AppStore|x64.ActiveCfg = Release|x64
		{1639A47F-5F56-4917-979C-07457027330E}.AppStore|x64.Build.0 = Release|x64
		{1639A47F-5F56-4917-979C-07457027330E}.AppStore|x64.Deploy.0 = Release|x64
		{1639A47F-5F56-4917-979C-07457027330E}.AppStore|x86.ActiveCfg = Release|x86
		{1639A47F-5F56-4917-979C-07457027330E}.AppStore|x86.Build.0 = Release|x86
		{1639A47F-5F56-4917-979C-07457027330E}.AppStore|x86.Deploy.0 = Release|x86
		{1639A47F-5F56-4917-979C-07457027330E}.Debug|Any CPU.ActiveCfg = Debug|x86
		{1639A47F-5F56-4917-979C-07457027330E}.Debug|Any CPU.Build.0 = Debug|x86
		{1639A47F-5F56-4917-979C-07457027330E}.Debug|Any CPU.Deploy.0 = Debug|x86
		{1639A47F-5F56-4917-979C-07457027330E}.Debug|ARM.ActiveCfg = Debug|ARM
		{1639A47F-5F56-4917-979C-07457027330E}.Debug|ARM.Build.0 = Debug|ARM
		{1639A47F-5F56-4917-979C-07457027330E}.Debug|ARM.Deploy.0 = Debug|ARM
		{1639A47F-5F56-4917-979C-07457027330E}.Debug|iPhone.ActiveCfg = Debug|x86
		{1639A47F-5F56-4917-979C-07457027330E}.Debug|iPhone.Build.0 = Debug|x86
		{1639A47F-5F56-4917-979C-07457027330E}.Debug|iPhone.Deploy.0 = Debug|x86
		{1639A47F-5F56-4917-979C-07457027330E}.Debug|iPhoneSimulator.ActiveCfg = Debug|x86
		{1639A47F-5F56-4917-979C-07457027330E}.Debug|iPhoneSimulator.Build.0 = Debug|x86
		{1639A47F-5F56-4917-979C-07457027330E}.Debug|iPhoneSimulator.Deploy.0 = Debug|x86
		{1639A47F-5F56-4917-979C-07457027330E}.Debug|x64.ActiveCfg = Debug|x64
		{1639A47F-5F56-4917-979C-07457027330E}.Debug|x64.Build.0 = Debug|x64
		{1639A47F-5F56-4917-979C-07457027330E}.Debug|x64.Deploy.0 = Debug|x64
		{1639A47F-5F56-4917-979C-07457027330E}.Debug|x86.ActiveCfg = Debug|x86
		{1639A47F-5F56-4917-979C-07457027330E}.Debug|x86.Build.0 = Debug|x86
		{1639A47F-5F56-4917-979C-07457027330E}.Debug|x86.Deploy.0 = Debug|x86
		{1639A47F-5F56-4917-979C-07457027330E}.Release|Any CPU.ActiveCfg = Release|x86
		{1639A47F-5F56-4917-979C-07457027330E}.Release|Any CPU.Build.0 = Release|x86
		{1639A47F-5F56-4917-979C-07457027330E}.Release|Any CPU.Deploy.0 = Release|x86
		{1639A47F-5F56-4917-979C-07457027330E}.Release|ARM.ActiveCfg = Release|ARM
		{1639A47F-5F56-4917-979C-07457027330E}.Release|ARM.Build.0 = Release|ARM
		{1639A47F-5F56-4917-979C-07457027330E}.Release|ARM.Deploy.0 = Release|ARM
		{1639A47F-5F56-4917-979C-07457027330E}.Release|iPhone.ActiveCfg = Release|x86
		{1639A47F-5F56-4917-979C-07457027330E}.Release|iPhone.Build.0 = Release|x86
		{1639A47F-5F56-4917-979C-07457027330E}.Release|iPhone.Deploy.0 = Release|x86
		{1639A47F-5F56-4917-979C-07457027330E}.Release|iPhoneSimulator.ActiveCfg = Release|x86
		{1639A47F-5F56-4917-979C-07457027330E}.Release|iPhoneSimulator.Build.0 = Release|x86
		{1639A47F-5F56-4917-979C-07457027330E}.Release|iPhoneSimulator.Deploy.0 = Release|x86
		{1639A47F-5F56-4917-979C-07457027330E}.Release|x64.ActiveCfg = Release|x64
		{1639A47F-5F56-4917-979C-07457027330E}.Release|x64.Build.0 = Release|x64
		{1639A47F-5F56-4917-979C-07457027330E}.Release|x64.Deploy.0 = Release|x64
		{1639A47F-5F56-4917-979C-07457027330E}.Release|x86.ActiveCfg = Release|x86
		{1639A47F-5F56-4917-979C-07457027330E}.Release|x86.Build.0 = Release|x86
		{1639A47F-5F56-4917-979C-07457027330E}.Release|x86.Deploy.0 = Release|x86
		{AD5744B7-FE8C-40F1-8984-1D284638BBB0}.Ad-Hoc|Any CPU.ActiveCfg = Debug|Any CPU
		{AD5744B7-FE8C-40F1-8984-1D284638BBB0}.Ad-Hoc|Any CPU.Build.0 = Debug|Any CPU
		{AD5744B7-FE8C-40F1-8984-1D284638BBB0}.Ad-Hoc|Any CPU.Deploy.0 = Debug|Any CPU
		{AD5744B7-FE8C-40F1-8984-1D284638BBB0}.Ad-Hoc|ARM.ActiveCfg = Debug|Any CPU
		{AD5744B7-FE8C-40F1-8984-1D284638BBB0}.Ad-Hoc|ARM.Build.0 = Debug|Any CPU
		{AD5744B7-FE8C-40F1-8984-1D284638BBB0}.Ad-Hoc|ARM.Deploy.0 = Debug|Any CPU
		{AD5744B7-FE8C-40F1-8984-1D284638BBB0}.Ad-Hoc|iPhone.ActiveCfg = Debug|Any CPU
		{AD5744B7-FE8C-40F1-8984-1D284638BBB0}.Ad-Hoc|iPhone.Build.0 = Debug|Any CPU
		{AD5744B7-FE8C-40F1-8984-1D284638BBB0}.Ad-Hoc|iPhone.Deploy.0 = Debug|Any CPU
		{AD5744B7-FE8C-40F1-8984-1D284638BBB0}.Ad-Hoc|iPhoneSimulator.ActiveCfg = Debug|Any CPU
		{AD5744B7-FE8C-40F1-8984-1D284638BBB0}.Ad-Hoc|iPhoneSimulator.Build.0 = Debug|Any CPU
		{AD5744B7-FE8C-40F1-8984-1D284638BBB0}.Ad-Hoc|iPhoneSimulator.Deploy.0 = Debug|Any CPU
		{AD5744B7-FE8C-40F1-8984-1D284638BBB0}.Ad-Hoc|x64.ActiveCfg = Debug|Any CPU
		{AD5744B7-FE8C-40F1-8984-1D284638BBB0}.Ad-Hoc|x64.Build.0 = Debug|Any CPU
		{AD5744B7-FE8C-40F1-8984-1D284638BBB0}.Ad-Hoc|x64.Deploy.0 = Debug|Any CPU
		{AD5744B7-FE8C-40F1-8984-1D284638BBB0}.Ad-Hoc|x86.ActiveCfg = Debug|Any CPU
		{AD5744B7-FE8C-40F1-8984-1D284638BBB0}.Ad-Hoc|x86.Build.0 = Debug|Any CPU
		{AD5744B7-FE8C-40F1-8984-1D284638BBB0}.Ad-Hoc|x86.Deploy.0 = Debug|Any CPU
		{AD5744B7-FE8C-40F1-8984-1D284638BBB0}.AppStore|Any CPU.ActiveCfg = Debug|Any CPU
		{AD5744B7-FE8C-40F1-8984-1D284638BBB0}.AppStore|Any CPU.Build.0 = Debug|Any CPU
		{AD5744B7-FE8C-40F1-8984-1D284638BBB0}.AppStore|Any CPU.Deploy.0 = Debug|Any CPU
		{AD5744B7-FE8C-40F1-8984-1D284638BBB0}.AppStore|ARM.ActiveCfg = Debug|Any CPU
		{AD5744B7-FE8C-40F1-8984-1D284638BBB0}.AppStore|ARM.Build.0 = Debug|Any CPU
		{AD5744B7-FE8C-40F1-8984-1D284638BBB0}.AppStore|ARM.Deploy.0 = Debug|Any CPU
		{AD5744B7-FE8C-40F1-8984-1D284638BBB0}.AppStore|iPhone.ActiveCfg = Debug|Any CPU
		{AD5744B7-FE8C-40F1-8984-1D284638BBB0}.AppStore|iPhone.Build.0 = Debug|Any CPU
		{AD5744B7-FE8C-40F1-8984-1D284638BBB0}.AppStore|iPhone.Deploy.0 = Debug|Any CPU
		{AD5744B7-FE8C-40F1-8984-1D284638BBB0}.AppStore|iPhoneSimulator.ActiveCfg = Debug|Any CPU
		{AD5744B7-FE8C-40F1-8984-1D284638BBB0}.AppStore|iPhoneSimulator.Build.0 = Debug|Any CPU
		{AD5744B7-FE8C-40F1-8984-1D284638BBB0}.AppStore|iPhoneSimulator.Deploy.0 = Debug|Any CPU
		{AD5744B7-FE8C-40F1-8984-1D284638BBB0}.AppStore|x64.ActiveCfg = Debug|Any CPU
		{AD5744B7-FE8C-40F1-8984-1D284638BBB0}.AppStore|x64.Build.0 = Debug|Any CPU
		{AD5744B7-FE8C-40F1-8984-1D284638BBB0}.AppStore|x64.Deploy.0 = Debug|Any CPU
		{AD5744B7-FE8C-40F1-8984-1D284638BBB0}.AppStore|x86.ActiveCfg = Debug|Any CPU
		{AD5744B7-FE8C-40F1-8984-1D284638BBB0}.AppStore|x86.Build.0 = Debug|Any CPU
		{AD5744B7-FE8C-40F1-8984-1D284638BBB0}.AppStore|x86.Deploy.0 = Debug|Any CPU
		{AD5744B7-FE8C-40F1-8984-1D284638BBB0}.Debug|Any CPU.ActiveCfg = Debug|Any CPU
		{AD5744B7-FE8C-40F1-8984-1D284638BBB0}.Debug|Any CPU.Build.0 = Debug|Any CPU
		{AD5744B7-FE8C-40F1-8984-1D284638BBB0}.Debug|Any CPU.Deploy.0 = Debug|Any CPU
		{AD5744B7-FE8C-40F1-8984-1D284638BBB0}.Debug|ARM.ActiveCfg = Debug|Any CPU
		{AD5744B7-FE8C-40F1-8984-1D284638BBB0}.Debug|ARM.Build.0 = Debug|Any CPU
		{AD5744B7-FE8C-40F1-8984-1D284638BBB0}.Debug|ARM.Deploy.0 = Debug|Any CPU
		{AD5744B7-FE8C-40F1-8984-1D284638BBB0}.Debug|iPhone.ActiveCfg = Debug|Any CPU
		{AD5744B7-FE8C-40F1-8984-1D284638BBB0}.Debug|iPhone.Build.0 = Debug|Any CPU
		{AD5744B7-FE8C-40F1-8984-1D284638BBB0}.Debug|iPhone.Deploy.0 = Debug|Any CPU
		{AD5744B7-FE8C-40F1-8984-1D284638BBB0}.Debug|iPhoneSimulator.ActiveCfg = Debug|Any CPU
		{AD5744B7-FE8C-40F1-8984-1D284638BBB0}.Debug|iPhoneSimulator.Build.0 = Debug|Any CPU
		{AD5744B7-FE8C-40F1-8984-1D284638BBB0}.Debug|iPhoneSimulator.Deploy.0 = Debug|Any CPU
		{AD5744B7-FE8C-40F1-8984-1D284638BBB0}.Debug|x64.ActiveCfg = Debug|Any CPU
		{AD5744B7-FE8C-40F1-8984-1D284638BBB0}.Debug|x64.Build.0 = Debug|Any CPU
		{AD5744B7-FE8C-40F1-8984-1D284638BBB0}.Debug|x64.Deploy.0 = Debug|Any CPU
		{AD5744B7-FE8C-40F1-8984-1D284638BBB0}.Debug|x86.ActiveCfg = Debug|Any CPU
		{AD5744B7-FE8C-40F1-8984-1D284638BBB0}.Debug|x86.Build.0 = Debug|Any CPU
		{AD5744B7-FE8C-40F1-8984-1D284638BBB0}.Debug|x86.Deploy.0 = Debug|Any CPU
		{AD5744B7-FE8C-40F1-8984-1D284638BBB0}.Release|Any CPU.ActiveCfg = Release|Any CPU
		{AD5744B7-FE8C-40F1-8984-1D284638BBB0}.Release|Any CPU.Build.0 = Release|Any CPU
		{AD5744B7-FE8C-40F1-8984-1D284638BBB0}.Release|Any CPU.Deploy.0 = Release|Any CPU
		{AD5744B7-FE8C-40F1-8984-1D284638BBB0}.Release|ARM.ActiveCfg = Release|Any CPU
		{AD5744B7-FE8C-40F1-8984-1D284638BBB0}.Release|ARM.Build.0 = Release|Any CPU
		{AD5744B7-FE8C-40F1-8984-1D284638BBB0}.Release|ARM.Deploy.0 = Release|Any CPU
		{AD5744B7-FE8C-40F1-8984-1D284638BBB0}.Release|iPhone.ActiveCfg = Release|Any CPU
		{AD5744B7-FE8C-40F1-8984-1D284638BBB0}.Release|iPhone.Build.0 = Release|Any CPU
		{AD5744B7-FE8C-40F1-8984-1D284638BBB0}.Release|iPhone.Deploy.0 = Release|Any CPU
		{AD5744B7-FE8C-40F1-8984-1D284638BBB0}.Release|iPhoneSimulator.ActiveCfg = Release|Any CPU
		{AD5744B7-FE8C-40F1-8984-1D284638BBB0}.Release|iPhoneSimulator.Build.0 = Release|Any CPU
		{AD5744B7-FE8C-40F1-8984-1D284638BBB0}.Release|iPhoneSimulator.Deploy.0 = Release|Any CPU
		{AD5744B7-FE8C-40F1-8984-1D284638BBB0}.Release|x64.ActiveCfg = Release|Any CPU
		{AD5744B7-FE8C-40F1-8984-1D284638BBB0}.Release|x64.Build.0 = Release|Any CPU
		{AD5744B7-FE8C-40F1-8984-1D284638BBB0}.Release|x64.Deploy.0 = Release|Any CPU
		{AD5744B7-FE8C-40F1-8984-1D284638BBB0}.Release|x86.ActiveCfg = Release|Any CPU
		{AD5744B7-FE8C-40F1-8984-1D284638BBB0}.Release|x86.Build.0 = Release|Any CPU
		{AD5744B7-FE8C-40F1-8984-1D284638BBB0}.Release|x86.Deploy.0 = Release|Any CPU
	EndGlobalSection
	GlobalSection(SolutionProperties) = preSolution
		HideSolutionNode = FALSE
	EndGlobalSection
	GlobalSection(ExtensibilityGlobals) = postSolution
		SolutionGuid = {64D477B7-EB65-4EC4-847C-A04C9034E48D}
	EndGlobalSection
EndGlobal
